{
  "lockfile-version": 1,
  "manifest": {
    "version": 1,
    "install": {
      "redis": {
        "pkg-path": "redis"
      },
      "zig": {
        "pkg-path": "zig",
        "version": "0.14.1"
      }
    },
    "hook": {},
    "profile": {},
    "options": {}
  },
  "packages": [
    {
      "attr_path": "redis",
      "broken": false,
      "derivation": "/nix/store/q1cxspk28mfb8zqpaa3aiyl3n59rwzdn-redis-8.0.3.drv",
      "description": "Open source, advanced key-value store",
      "install_id": "redis",
      "license": "AGPL-3.0-only",
      "locked_url": "https://github.com/flox/nixpkgs?rev=fbcf476f790d8a217c3eab4e12033dc4a0f6d23c",
      "name": "redis-8.0.3",
      "pname": "redis",
      "rev": "fbcf476f790d8a217c3eab4e12033dc4a0f6d23c",
      "rev_count": 844474,
      "rev_date": "2025-08-14T15:51:38Z",
      "scrape_date": "2025-08-16T01:27:50.020962Z",
      "stabilities": [
        "unstable"
      ],
      "unfree": false,
      "version": "8.0.3",
      "outputs_to_install": [
        "out"
      ],
      "outputs": {
        "out": "/nix/store/zyyppkv563hb1cwg8aawl1cw25vdb9bv-redis-8.0.3"
      },
      "system": "aarch64-darwin",
      "group": "toplevel",
      "priority": 5
    },
    {
      "attr_path": "redis",
      "broken": false,
      "derivation": "/nix/store/1qaswfgn83c0mdgznd20f3kf3b1ffygb-redis-8.0.3.drv",
      "description": "Open source, advanced key-value store",
      "install_id": "redis",
      "license": "AGPL-3.0-only",
      "locked_url": "https://github.com/flox/nixpkgs?rev=fbcf476f790d8a217c3eab4e12033dc4a0f6d23c",
      "name": "redis-8.0.3",
      "pname": "redis",
      "rev": "fbcf476f790d8a217c3eab4e12033dc4a0f6d23c",
      "rev_count": 844474,
      "rev_date": "2025-08-14T15:51:38Z",
      "scrape_date": "2025-08-16T01:36:20.497837Z",
      "stabilities": [
        "unstable"
      ],
      "unfree": false,
      "version": "8.0.3",
      "outputs_to_install": [
        "out"
      ],
      "outputs": {
        "out": "/nix/store/sg35kg53lc9n1z1xabx0cfbrc9kkgzzd-redis-8.0.3"
      },
      "system": "aarch64-linux",
      "group": "toplevel",
      "priority": 5
    },
    {
      "attr_path": "redis",
      "broken": false,
      "derivation": "/nix/store/58radzlkz22wh23c7bwsw94r5bd5sqza-redis-8.0.3.drv",
      "description": "Open source, advanced key-value store",
      "install_id": "redis",
      "license": "AGPL-3.0-only",
      "locked_url": "https://github.com/flox/nixpkgs?rev=fbcf476f790d8a217c3eab4e12033dc4a0f6d23c",
      "name": "redis-8.0.3",
      "pname": "redis",
      "rev": "fbcf476f790d8a217c3eab4e12033dc4a0f6d23c",
      "rev_count": 844474,
      "rev_date": "2025-08-14T15:51:38Z",
      "scrape_date": "2025-08-16T01:44:29.840742Z",
      "stabilities": [
        "unstable"
      ],
      "unfree": false,
      "version": "8.0.3",
      "outputs_to_install": [
        "out"
      ],
      "outputs": {
        "out": "/nix/store/3w0kns1p5b810mklnvy76dgzj8v9g1y8-redis-8.0.3"
      },
      "system": "x86_64-darwin",
      "group": "toplevel",
      "priority": 5
    },
    {
      "attr_path": "redis",
      "broken": false,
      "derivation": "/nix/store/0wbb40g78d2npiw2rsp4k3xn8h8qp68x-redis-8.0.3.drv",
      "description": "Open source, advanced key-value store",
      "install_id": "redis",
      "license": "AGPL-3.0-only",
      "locked_url": "https://github.com/flox/nixpkgs?rev=fbcf476f790d8a217c3eab4e12033dc4a0f6d23c",
      "name": "redis-8.0.3",
      "pname": "redis",
      "rev": "fbcf476f790d8a217c3eab4e12033dc4a0f6d23c",
      "rev_count": 844474,
      "rev_date": "2025-08-14T15:51:38Z",
      "scrape_date": "2025-08-16T02:13:16.841042Z",
      "stabilities": [
        "unstable"
      ],
      "unfree": false,
      "version": "8.0.3",
      "outputs_to_install": [
        "out"
      ],
      "outputs": {
        "out": "/nix/store/1klgzhcjnny15c4y0wm4wjgdaypzlfkd-redis-8.0.3"
      },
      "system": "x86_64-linux",
      "group": "toplevel",
      "priority": 5
    },
    {
      "attr_path": "zig",
      "broken": false,
      "derivation": "/nix/store/575j78mpg65930k43d3hhc8jmvshwr4z-zig-0.14.1.drv",
      "description": "General-purpose programming language and toolchain for maintaining robust, optimal, and reusable software",
      "install_id": "zig",
      "license": "MIT",
      "locked_url": "https://github.com/flox/nixpkgs?rev=fbcf476f790d8a217c3eab4e12033dc4a0f6d23c",
      "name": "zig-0.14.1",
      "pname": "zig",
      "rev": "fbcf476f790d8a217c3eab4e12033dc4a0f6d23c",
      "rev_count": 844474,
      "rev_date": "2025-08-14T15:51:38Z",
      "scrape_date": "2025-08-16T01:28:42.024500Z",
      "stabilities": [
        "unstable"
      ],
      "unfree": false,
      "version": "0.14.1",
      "outputs_to_install": [
        "out"
      ],
      "outputs": {
        "doc": "/nix/store/07vky7yld7z9p5h6hxs38zqg7blgmx8r-zig-0.14.1-doc",
        "out": "/nix/store/qczsm7366g0hp3vgr4yysgwn097w0dhb-zig-0.14.1"
      },
      "system": "aarch64-darwin",
      "group": "toplevel",
      "priority": 5
    },
    {
      "attr_path": "zig",
      "broken": false,
      "derivation": "/nix/store/mjqr3c4hzs55ibfb3q1i1l46vz0rlgfc-zig-0.14.1.drv",
      "description": "General-purpose programming language and toolchain for maintaining robust, optimal, and reusable software",
      "install_id": "zig",
      "license": "MIT",
      "locked_url": "https://github.com/flox/nixpkgs?rev=fbcf476f790d8a217c3eab4e12033dc4a0f6d23c",
      "name": "zig-0.14.1",
      "pname": "zig",
      "rev": "fbcf476f790d8a217c3eab4e12033dc4a0f6d23c",
      "rev_count": 844474,
      "rev_date": "2025-08-14T15:51:38Z",
      "scrape_date": "2025-08-16T01:37:31.996305Z",
      "stabilities": [
        "unstable"
      ],
      "unfree": false,
      "version": "0.14.1",
      "outputs_to_install": [
        "out"
      ],
      "outputs": {
        "doc": "/nix/store/qh0xdixih3ml5mprpq069lc9d0yrndm4-zig-0.14.1-doc",
        "out": "/nix/store/368v1ldd6sr8xbg02a7nbpr9ivk7x676-zig-0.14.1"
      },
      "system": "aarch64-linux",
      "group": "toplevel",
      "priority": 5
    },
    {
      "attr_path": "zig",
      "broken": false,
      "derivation": "/nix/store/kqsls6jz7fjrdgll4w4y0z188jjq6bvw-zig-0.14.1.drv",
      "description": "General-purpose programming language and toolchain for maintaining robust, optimal, and reusable software",
      "install_id": "zig",
      "license": "MIT",
      "locked_url": "https://github.com/flox/nixpkgs?rev=fbcf476f790d8a217c3eab4e12033dc4a0f6d23c",
      "name": "zig-0.14.1",
      "pname": "zig",
      "rev": "fbcf476f790d8a217c3eab4e12033dc4a0f6d23c",
      "rev_count": 844474,
      "rev_date": "2025-08-14T15:51:38Z",
      "scrape_date": "2025-08-16T01:45:21.628919Z",
      "stabilities": [
        "unstable"
      ],
      "unfree": false,
      "version": "0.14.1",
      "outputs_to_install": [
        "out"
      ],
      "outputs": {
        "doc": "/nix/store/85fm5ybv80pk3lyhr4bkwln3zp2sp2l1-zig-0.14.1-doc",
        "out": "/nix/store/ybksis65ciqp8qhsvkdsb2l7zng7gqga-zig-0.14.1"
      },
      "system": "x86_64-darwin",
      "group": "toplevel",
      "priority": 5
    },
    {
      "attr_path": "zig",
      "broken": false,
      "derivation": "/nix/store/nsqnna6fw4rkf60bkasbfc2gyz8n042p-zig-0.14.1.drv",
      "description": "General-purpose programming language and toolchain for maintaining robust, optimal, and reusable software",
      "install_id": "zig",
      "license": "MIT",
      "locked_url": "https://github.com/flox/nixpkgs?rev=fbcf476f790d8a217c3eab4e12033dc4a0f6d23c",
      "name": "zig-0.14.1",
      "pname": "zig",
      "rev": "fbcf476f790d8a217c3eab4e12033dc4a0f6d23c",
      "rev_count": 844474,
      "rev_date": "2025-08-14T15:51:38Z",
      "scrape_date": "2025-08-16T02:14:33.256867Z",
      "stabilities": [
        "unstable"
      ],
      "unfree": false,
      "version": "0.14.1",
      "outputs_to_install": [
        "out"
      ],
      "outputs": {
        "doc": "/nix/store/s9qf64jgq2j938zplrdnqnz4pnr1ns6f-zig-0.14.1-doc",
        "out": "/nix/store/bp12055dys65yncly4khqban6lvaga9g-zig-0.14.1"
      },
      "system": "x86_64-linux",
      "group": "toplevel",
      "priority": 5
    }
  ]
}